
Microsoft Visual Studio Solution File, Format Version 11.00
# Visual Studio 2010
Project("{FAE04EC0-301F-11D3-BF4B-00C04F79EFBC}") = "Shadow Dash", "Assembly-CSharp-firstpass.csproj", "{C31F0448-84D1-F47F-F1CE-88E5A718473E}"
EndProject
Project("{FAE04EC0-301F-11D3-BF4B-00C04F79EFBC}") = "Shadow Dash", "Assembly-CSharp.csproj", "{AAB88E35-156E-5523-604B-764B6B74DC8E}"
EndProject
Project("{FAE04EC0-301F-11D3-BF4B-00C04F79EFBC}") = "Shadow Dash", "Assembly-CSharp-Editor.csproj", "{251D82AB-FB42-3612-BCB8-05D426D6E534}"
EndProject
Global
	GlobalSection(SolutionConfigurationPlatforms) = preSolution
		Debug|Any CPU = Debug|Any CPU
		Release|Any CPU = Release|Any CPU
	EndGlobalSection
	GlobalSection(ProjectConfigurationPlatforms) = postSolution
		{C31F0448-84D1-F47F-F1CE-88E5A718473E}.Debug|Any CPU.ActiveCfg = Debug|Any CPU
		{C31F0448-84D1-F47F-F1CE-88E5A718473E}.Debug|Any CPU.Build.0 = Debug|Any CPU
		{C31F0448-84D1-F47F-F1CE-88E5A718473E}.Release|Any CPU.ActiveCfg = Release|Any CPU
		{C31F0448-84D1-F47F-F1CE-88E5A718473E}.Release|Any CPU.Build.0 = Release|Any CPU
		{AAB88E35-156E-5523-604B-764B6B74DC8E}.Debug|Any CPU.ActiveCfg = Debug|Any CPU
		{AAB88E35-156E-5523-604B-764B6B74DC8E}.Debug|Any CPU.Build.0 = Debug|Any CPU
		{AAB88E35-156E-5523-604B-764B6B74DC8E}.Release|Any CPU.ActiveCfg = Release|Any CPU
		{AAB88E35-156E-5523-604B-764B6B74DC8E}.Release|Any CPU.Build.0 = Release|Any CPU
		{251D82AB-FB42-3612-BCB8-05D426D6E534}.Debug|Any CPU.ActiveCfg = Debug|Any CPU
		{251D82AB-FB42-3612-BCB8-05D426D6E534}.Debug|Any CPU.Build.0 = Debug|Any CPU
		{251D82AB-FB42-3612-BCB8-05D426D6E534}.Release|Any CPU.ActiveCfg = Release|Any CPU
		{251D82AB-FB42-3612-BCB8-05D426D6E534}.Release|Any CPU.Build.0 = Release|Any CPU
	EndGlobalSection
	GlobalSection(SolutionProperties) = preSolution
		HideSolutionNode = FALSE
	EndGlobalSection
	GlobalSection(MonoDevelopProperties) = preSolution
		StartupItem = Assembly-CSharp.csproj
	EndGlobalSection
EndGlobal
